
Microsoft Visual Studio Solution File, Format Version 12.00
# Visual Studio Version 17
VisualStudioVersion = 17.9.34902.65
MinimumVisualStudioVersion = 10.0.40219.1
Project("{9A19103F-16F7-4668-BE54-9A1E7A4F7556}") = "Semoda", "Semoda\Semoda.csproj", "{4932A3B1-B026-4592-AE27-D92567723DC9}"
EndProject
Project("{9A19103F-16F7-4668-BE54-9A1E7A4F7556}") = "Semoda.Desktop", "Semoda.Desktop\Semoda.Desktop.csproj", "{15FFECC1-1C5A-4C76-AA4D-87414864E90B}"
EndProject
Global
	GlobalSection(SolutionConfigurationPlatforms) = preSolution
		Debug|Any CPU = Debug|Any CPU
		Release|Any CPU = Release|Any CPU
	EndGlobalSection
	GlobalSection(ProjectConfigurationPlatforms) = postSolution
		{4932A3B1-B026-4592-AE27-D92567723DC9}.Debug|Any CPU.ActiveCfg = Debug|Any CPU
		{4932A3B1-B026-4592-AE27-D92567723DC9}.Debug|Any CPU.Build.0 = Debug|Any CPU
		{4932A3B1-B026-4592-AE27-D92567723DC9}.Release|Any CPU.ActiveCfg = Release|Any CPU
		{4932A3B1-B026-4592-AE27-D92567723DC9}.Release|Any CPU.Build.0 = Release|Any CPU
		{15FFECC1-1C5A-4C76-AA4D-87414864E90B}.Debug|Any CPU.ActiveCfg = Debug|Any CPU
		{15FFECC1-1C5A-4C76-AA4D-87414864E90B}.Debug|Any CPU.Build.0 = Debug|Any CPU
		{15FFECC1-1C5A-4C76-AA4D-87414864E90B}.Release|Any CPU.ActiveCfg = Release|Any CPU
		{15FFECC1-1C5A-4C76-AA4D-87414864E90B}.Release|Any CPU.Build.0 = Release|Any CPU
	EndGlobalSection
	GlobalSection(SolutionProperties) = preSolution
		HideSolutionNode = FALSE
	EndGlobalSection
	GlobalSection(ExtensibilityGlobals) = postSolution
		SolutionGuid = {D0720109-F189-4DEE-83F9-DD7B047D821D}
	EndGlobalSection
EndGlobal
